
Microsoft Visual Studio Solution File, Format Version 12.00
# Visual Studio Version 16
VisualStudioVersion = 16.0.29728.190
MinimumVisualStudioVersion = 10.0.40219.1
Project("{FAE04EC0-301F-11D3-BF4B-00C04F79EFBC}") = "salleSport", "salleSport.csproj", "{E746D2F5-1107-4DBD-A730-68877F468618}"
EndProject
Global
	GlobalSection(SolutionConfigurationPlatforms) = preSolution
		Debug|Any CPU = Debug|Any CPU
		Release|Any CPU = Release|Any CPU
	EndGlobalSection
	GlobalSection(ProjectConfigurationPlatforms) = postSolution
		{E746D2F5-1107-4DBD-A730-68877F468618}.Debug|Any CPU.ActiveCfg = Debug|Any CPU
		{E746D2F5-1107-4DBD-A730-68877F468618}.Debug|Any CPU.Build.0 = Debug|Any CPU
		{E746D2F5-1107-4DBD-A730-68877F468618}.Release|Any CPU.ActiveCfg = Release|Any CPU
		{E746D2F5-1107-4DBD-A730-68877F468618}.Release|Any CPU.Build.0 = Release|Any CPU
	EndGlobalSection
	GlobalSection(SolutionProperties) = preSolution
		HideSolutionNode = FALSE
	EndGlobalSection
	GlobalSection(ExtensibilityGlobals) = postSolution
		SolutionGuid = {127D4A8F-6601-4BF6-9DED-C1D3B8BC5A78}
	EndGlobalSection
EndGlobal
